
Microsoft Visual Studio Solution File, Format Version 12.00
# Visual Studio 15
VisualStudioVersion = 15.0.27130.2027
MinimumVisualStudioVersion = 10.0.40219.1
Project("{FAE04EC0-301F-11D3-BF4B-00C04F79EFBC}") = "E6.1-VenegasMedinaJoseAlfredo", "E6.1-VenegasMedinaJoseAlfredo\E6.1-VenegasMedinaJoseAlfredo.csproj", "{8D577275-F32C-4ED5-846E-6394C3394F1A}"
EndProject
Global
	GlobalSection(SolutionConfigurationPlatforms) = preSolution
		Debug|Any CPU = Debug|Any CPU
		Release|Any CPU = Release|Any CPU
	EndGlobalSection
	GlobalSection(ProjectConfigurationPlatforms) = postSolution
		{8D577275-F32C-4ED5-846E-6394C3394F1A}.Debug|Any CPU.ActiveCfg = Debug|Any CPU
		{8D577275-F32C-4ED5-846E-6394C3394F1A}.Debug|Any CPU.Build.0 = Debug|Any CPU
		{8D577275-F32C-4ED5-846E-6394C3394F1A}.Release|Any CPU.ActiveCfg = Release|Any CPU
		{8D577275-F32C-4ED5-846E-6394C3394F1A}.Release|Any CPU.Build.0 = Release|Any CPU
	EndGlobalSection
	GlobalSection(SolutionProperties) = preSolution
		HideSolutionNode = FALSE
	EndGlobalSection
	GlobalSection(ExtensibilityGlobals) = postSolution
		SolutionGuid = {FD094C25-2290-4E3F-BC18-51EFD8ED44D9}
	EndGlobalSection
EndGlobal
